
Microsoft Visual Studio Solution File, Format Version 12.00
# Visual Studio Version 17
VisualStudioVersion = 17.14.37314.3
MinimumVisualStudioVersion = 10.0.40219.1
Project("{2150E333-8FDC-42A3-9474-1A3956D46DE8}") = "src", "src", "{02EA681E-C7D8-13C7-8484-4AC65E1B71E8}"
EndProject
Project("{FAE04EC0-301F-11D3-BF4B-00C04F79EFBC}") = "Repository", "src\Repository\Repository.csproj", "{1C44892E-21F8-4E5B-B784-06103F711121}"
EndProject
Project("{FAE04EC0-301F-11D3-BF4B-00C04F79EFBC}") = "Domain", "src\Domain\Domain.csproj", "{D126D45B-40BB-4A43-A0F6-7A1BC07374B2}"
EndProject
Project("{FAE04EC0-301F-11D3-BF4B-00C04F79EFBC}") = "Application", "src\Application\Application.csproj", "{F397F429-053A-455F-BCFC-0E75C855FB31}"
EndProject
Project("{FAE04EC0-301F-11D3-BF4B-00C04F79EFBC}") = "API", "src\API\API.csproj", "{2E19F7A0-8D3E-4874-AC3B-CA270EF62E11}"
EndProject
Global
	GlobalSection(SolutionConfigurationPlatforms) = preSolution
		Debug|Any CPU = Debug|Any CPU
		Release|Any CPU = Release|Any CPU
	EndGlobalSection
	GlobalSection(ProjectConfigurationPlatforms) = postSolution
		{1C44892E-21F8-4E5B-B784-06103F711121}.Debug|Any CPU.ActiveCfg = Debug|Any CPU
		{1C44892E-21F8-4E5B-B784-06103F711121}.Debug|Any CPU.Build.0 = Debug|Any CPU
		{1C44892E-21F8-4E5B-B784-06103F711121}.Release|Any CPU.ActiveCfg = Release|Any CPU
		{1C44892E-21F8-4E5B-B784-06103F711121}.Release|Any CPU.Build.0 = Release|Any CPU
		{D126D45B-40BB-4A43-A0F6-7A1BC07374B2}.Debug|Any CPU.ActiveCfg = Debug|Any CPU
		{D126D45B-40BB-4A43-A0F6-7A1BC07374B2}.Debug|Any CPU.Build.0 = Debug|Any CPU
		{D126D45B-40BB-4A43-A0F6-7A1BC07374B2}.Release|Any CPU.ActiveCfg = Release|Any CPU
		{D126D45B-40BB-4A43-A0F6-7A1BC07374B2}.Release|Any CPU.Build.0 = Release|Any CPU
		{F397F429-053A-455F-BCFC-0E75C855FB31}.Debug|Any CPU.ActiveCfg = Debug|Any CPU
		{F397F429-053A-455F-BCFC-0E75C855FB31}.Debug|Any CPU.Build.0 = Debug|Any CPU
		{F397F429-053A-455F-BCFC-0E75C855FB31}.Release|Any CPU.ActiveCfg = Release|Any CPU
		{F397F429-053A-455F-BCFC-0E75C855FB31}.Release|Any CPU.Build.0 = Release|Any CPU
		{2E19F7A0-8D3E-4874-AC3B-CA270EF62E11}.Debug|Any CPU.ActiveCfg = Debug|Any CPU
		{2E19F7A0-8D3E-4874-AC3B-CA270EF62E11}.Debug|Any CPU.Build.0 = Debug|Any CPU
		{2E19F7A0-8D3E-4874-AC3B-CA270EF62E11}.Release|Any CPU.ActiveCfg = Release|Any CPU
		{2E19F7A0-8D3E-4874-AC3B-CA270EF62E11}.Release|Any CPU.Build.0 = Release|Any CPU
	EndGlobalSection
	GlobalSection(SolutionProperties) = preSolution
		HideSolutionNode = FALSE
	EndGlobalSection
	GlobalSection(NestedProjects) = preSolution
		{1C44892E-21F8-4E5B-B784-06103F711121} = {02EA681E-C7D8-13C7-8484-4AC65E1B71E8}
		{D126D45B-40BB-4A43-A0F6-7A1BC07374B2} = {02EA681E-C7D8-13C7-8484-4AC65E1B71E8}
		{F397F429-053A-455F-BCFC-0E75C855FB31} = {02EA681E-C7D8-13C7-8484-4AC65E1B71E8}
		{2E19F7A0-8D3E-4874-AC3B-CA270EF62E11} = {02EA681E-C7D8-13C7-8484-4AC65E1B71E8}
	EndGlobalSection
	GlobalSection(ExtensibilityGlobals) = postSolution
		SolutionGuid = {A923B011-10F0-4956-BAF0-F9F38B9D3A22}
	EndGlobalSection
EndGlobal
