
Microsoft Visual Studio Solution File, Format Version 12.00
# Visual Studio Version 17
VisualStudioVersion = 17.14.37314.3
MinimumVisualStudioVersion = 10.0.40219.1
Project("{2150E333-8FDC-42A3-9474-1A3956D46DE8}") = "src", "src", "{02EA681E-C7D8-13C7-8484-4AC65E1B71E8}"
EndProject
Project("{FAE04EC0-301F-11D3-BF4B-00C04F79EFBC}") = "Repository", "src\Repository\Repository.csproj", "{1C44892E-21F8-4E5B-B784-06103F711121}"
EndProject
Project("{FAE04EC0-301F-11D3-BF4B-00C04F79EFBC}") = "Domain", "src\Domain\Domain.csproj", "{D126D45B-40BB-4A43-A0F6-7A1BC07374B2}"
EndProject
Project("{FAE04EC0-301F-11D3-BF4B-00C04F79EFBC}") = "Application", "src\Application\Application.csproj", "{F397F429-053A-455F-BCFC-0E75C855FB31}"
EndProject
Project("{FAE04EC0-301F-11D3-BF4B-00C04F79EFBC}") = "API", "src\API\API.csproj", "{2E19F7A0-8D3E-4874-AC3B-CA270EF62E11}"
EndProject
Project("{2150E333-8FDC-42A3-9474-1A3956D46DE8}") = "tests", "tests", "{0AB3BF05-4346-4AA6-1389-037BE0695223}"
EndProject
Project("{FAE04EC0-301F-11D3-BF4B-00C04F79EFBC}") = "Application.Tests", "tests\Application.Tests\Application.Tests.csproj", "{B04B4CB3-84FA-4273-B805-63B7BF477F1B}"
EndProject
Project("{FAE04EC0-301F-11D3-BF4B-00C04F79EFBC}") = "Repository.Tests", "tests\Repository.Tests\Repository.Tests.csproj", "{1BB0B9FC-9FEF-4003-A526-0F65313B1462}"
EndProject
Project("{FAE04EC0-301F-11D3-BF4B-00C04F79EFBC}") = "API.Tests", "tests\API.Tests\API.Tests.csproj", "{14C14532-5467-4A94-B50F-348A04EB79D8}"
EndProject
Project("{FAE04EC0-301F-11D3-BF4B-00C04F79EFBC}") = "Infrastructure", "src\Infrastructure\Infrastructure.csproj", "{1905F93B-73CB-4041-A027-FB69B0E919FC}"
EndProject
Global
	GlobalSection(SolutionConfigurationPlatforms) = preSolution
		Debug|Any CPU = Debug|Any CPU
		Debug|x64 = Debug|x64
		Debug|x86 = Debug|x86
		Release|Any CPU = Release|Any CPU
		Release|x64 = Release|x64
		Release|x86 = Release|x86
	EndGlobalSection
	GlobalSection(ProjectConfigurationPlatforms) = postSolution
		{1C44892E-21F8-4E5B-B784-06103F711121}.Debug|Any CPU.ActiveCfg = Debug|Any CPU
		{1C44892E-21F8-4E5B-B784-06103F711121}.Debug|Any CPU.Build.0 = Debug|Any CPU
		{1C44892E-21F8-4E5B-B784-06103F711121}.Debug|x64.ActiveCfg = Debug|Any CPU
		{1C44892E-21F8-4E5B-B784-06103F711121}.Debug|x64.Build.0 = Debug|Any CPU
		{1C44892E-21F8-4E5B-B784-06103F711121}.Debug|x86.ActiveCfg = Debug|Any CPU
		{1C44892E-21F8-4E5B-B784-06103F711121}.Debug|x86.Build.0 = Debug|Any CPU
		{1C44892E-21F8-4E5B-B784-06103F711121}.Release|Any CPU.ActiveCfg = Release|Any CPU
		{1C44892E-21F8-4E5B-B784-06103F711121}.Release|Any CPU.Build.0 = Release|Any CPU
		{1C44892E-21F8-4E5B-B784-06103F711121}.Release|x64.ActiveCfg = Release|Any CPU
		{1C44892E-21F8-4E5B-B784-06103F711121}.Release|x64.Build.0 = Release|Any CPU
		{1C44892E-21F8-4E5B-B784-06103F711121}.Release|x86.ActiveCfg = Release|Any CPU
		{1C44892E-21F8-4E5B-B784-06103F711121}.Release|x86.Build.0 = Release|Any CPU
		{D126D45B-40BB-4A43-A0F6-7A1BC07374B2}.Debug|Any CPU.ActiveCfg = Debug|Any CPU
		{D126D45B-40BB-4A43-A0F6-7A1BC07374B2}.Debug|Any CPU.Build.0 = Debug|Any CPU
		{D126D45B-40BB-4A43-A0F6-7A1BC07374B2}.Debug|x64.ActiveCfg = Debug|Any CPU
		{D126D45B-40BB-4A43-A0F6-7A1BC07374B2}.Debug|x64.Build.0 = Debug|Any CPU
		{D126D45B-40BB-4A43-A0F6-7A1BC07374B2}.Debug|x86.ActiveCfg = Debug|Any CPU
		{D126D45B-40BB-4A43-A0F6-7A1BC07374B2}.Debug|x86.Build.0 = Debug|Any CPU
		{D126D45B-40BB-4A43-A0F6-7A1BC07374B2}.Release|Any CPU.ActiveCfg = Release|Any CPU
		{D126D45B-40BB-4A43-A0F6-7A1BC07374B2}.Release|Any CPU.Build.0 = Release|Any CPU
		{D126D45B-40BB-4A43-A0F6-7A1BC07374B2}.Release|x64.ActiveCfg = Release|Any CPU
		{D126D45B-40BB-4A43-A0F6-7A1BC07374B2}.Release|x64.Build.0 = Release|Any CPU
		{D126D45B-40BB-4A43-A0F6-7A1BC07374B2}.Release|x86.ActiveCfg = Release|Any CPU
		{D126D45B-40BB-4A43-A0F6-7A1BC07374B2}.Release|x86.Build.0 = Release|Any CPU
		{F397F429-053A-455F-BCFC-0E75C855FB31}.Debug|Any CPU.ActiveCfg = Debug|Any CPU
		{F397F429-053A-455F-BCFC-0E75C855FB31}.Debug|Any CPU.Build.0 = Debug|Any CPU
		{F397F429-053A-455F-BCFC-0E75C855FB31}.Debug|x64.ActiveCfg = Debug|Any CPU
		{F397F429-053A-455F-BCFC-0E75C855FB31}.Debug|x64.Build.0 = Debug|Any CPU
		{F397F429-053A-455F-BCFC-0E75C855FB31}.Debug|x86.ActiveCfg = Debug|Any CPU
		{F397F429-053A-455F-BCFC-0E75C855FB31}.Debug|x86.Build.0 = Debug|Any CPU
		{F397F429-053A-455F-BCFC-0E75C855FB31}.Release|Any CPU.ActiveCfg = Release|Any CPU
		{F397F429-053A-455F-BCFC-0E75C855FB31}.Release|Any CPU.Build.0 = Release|Any CPU
		{F397F429-053A-455F-BCFC-0E75C855FB31}.Release|x64.ActiveCfg = Release|Any CPU
		{F397F429-053A-455F-BCFC-0E75C855FB31}.Release|x64.Build.0 = Release|Any CPU
		{F397F429-053A-455F-BCFC-0E75C855FB31}.Release|x86.ActiveCfg = Release|Any CPU
		{F397F429-053A-455F-BCFC-0E75C855FB31}.Release|x86.Build.0 = Release|Any CPU
		{2E19F7A0-8D3E-4874-AC3B-CA270EF62E11}.Debug|Any CPU.ActiveCfg = Debug|Any CPU
		{2E19F7A0-8D3E-4874-AC3B-CA270EF62E11}.Debug|Any CPU.Build.0 = Debug|Any CPU
		{2E19F7A0-8D3E-4874-AC3B-CA270EF62E11}.Debug|x64.ActiveCfg = Debug|Any CPU
		{2E19F7A0-8D3E-4874-AC3B-CA270EF62E11}.Debug|x64.Build.0 = Debug|Any CPU
		{2E19F7A0-8D3E-4874-AC3B-CA270EF62E11}.Debug|x86.ActiveCfg = Debug|Any CPU
		{2E19F7A0-8D3E-4874-AC3B-CA270EF62E11}.Debug|x86.Build.0 = Debug|Any CPU
		{2E19F7A0-8D3E-4874-AC3B-CA270EF62E11}.Release|Any CPU.ActiveCfg = Release|Any CPU
		{2E19F7A0-8D3E-4874-AC3B-CA270EF62E11}.Release|Any CPU.Build.0 = Release|Any CPU
		{2E19F7A0-8D3E-4874-AC3B-CA270EF62E11}.Release|x64.ActiveCfg = Release|Any CPU
		{2E19F7A0-8D3E-4874-AC3B-CA270EF62E11}.Release|x64.Build.0 = Release|Any CPU
		{2E19F7A0-8D3E-4874-AC3B-CA270EF62E11}.Release|x86.ActiveCfg = Release|Any CPU
		{2E19F7A0-8D3E-4874-AC3B-CA270EF62E11}.Release|x86.Build.0 = Release|Any CPU
		{B04B4CB3-84FA-4273-B805-63B7BF477F1B}.Debug|Any CPU.ActiveCfg = Debug|Any CPU
		{B04B4CB3-84FA-4273-B805-63B7BF477F1B}.Debug|Any CPU.Build.0 = Debug|Any CPU
		{B04B4CB3-84FA-4273-B805-63B7BF477F1B}.Debug|x64.ActiveCfg = Debug|Any CPU
		{B04B4CB3-84FA-4273-B805-63B7BF477F1B}.Debug|x64.Build.0 = Debug|Any CPU
		{B04B4CB3-84FA-4273-B805-63B7BF477F1B}.Debug|x86.ActiveCfg = Debug|Any CPU
		{B04B4CB3-84FA-4273-B805-63B7BF477F1B}.Debug|x86.Build.0 = Debug|Any CPU
		{B04B4CB3-84FA-4273-B805-63B7BF477F1B}.Release|Any CPU.ActiveCfg = Release|Any CPU
		{B04B4CB3-84FA-4273-B805-63B7BF477F1B}.Release|Any CPU.Build.0 = Release|Any CPU
		{B04B4CB3-84FA-4273-B805-63B7BF477F1B}.Release|x64.ActiveCfg = Release|Any CPU
		{B04B4CB3-84FA-4273-B805-63B7BF477F1B}.Release|x64.Build.0 = Release|Any CPU
		{B04B4CB3-84FA-4273-B805-63B7BF477F1B}.Release|x86.ActiveCfg = Release|Any CPU
		{B04B4CB3-84FA-4273-B805-63B7BF477F1B}.Release|x86.Build.0 = Release|Any CPU
		{1BB0B9FC-9FEF-4003-A526-0F65313B1462}.Debug|Any CPU.ActiveCfg = Debug|Any CPU
		{1BB0B9FC-9FEF-4003-A526-0F65313B1462}.Debug|Any CPU.Build.0 = Debug|Any CPU
		{1BB0B9FC-9FEF-4003-A526-0F65313B1462}.Debug|x64.ActiveCfg = Debug|Any CPU
		{1BB0B9FC-9FEF-4003-A526-0F65313B1462}.Debug|x64.Build.0 = Debug|Any CPU
		{1BB0B9FC-9FEF-4003-A526-0F65313B1462}.Debug|x86.ActiveCfg = Debug|Any CPU
		{1BB0B9FC-9FEF-4003-A526-0F65313B1462}.Debug|x86.Build.0 = Debug|Any CPU
		{1BB0B9FC-9FEF-4003-A526-0F65313B1462}.Release|Any CPU.ActiveCfg = Release|Any CPU
		{1BB0B9FC-9FEF-4003-A526-0F65313B1462}.Release|Any CPU.Build.0 = Release|Any CPU
		{1BB0B9FC-9FEF-4003-A526-0F65313B1462}.Release|x64.ActiveCfg = Release|Any CPU
		{1BB0B9FC-9FEF-4003-A526-0F65313B1462}.Release|x64.Build.0 = Release|Any CPU
		{1BB0B9FC-9FEF-4003-A526-0F65313B1462}.Release|x86.ActiveCfg = Release|Any CPU
		{1BB0B9FC-9FEF-4003-A526-0F65313B1462}.Release|x86.Build.0 = Release|Any CPU
		{14C14532-5467-4A94-B50F-348A04EB79D8}.Debug|Any CPU.ActiveCfg = Debug|Any CPU
		{14C14532-5467-4A94-B50F-348A04EB79D8}.Debug|Any CPU.Build.0 = Debug|Any CPU
		{14C14532-5467-4A94-B50F-348A04EB79D8}.Debug|x64.ActiveCfg = Debug|Any CPU
		{14C14532-5467-4A94-B50F-348A04EB79D8}.Debug|x64.Build.0 = Debug|Any CPU
		{14C14532-5467-4A94-B50F-348A04EB79D8}.Debug|x86.ActiveCfg = Debug|Any CPU
		{14C14532-5467-4A94-B50F-348A04EB79D8}.Debug|x86.Build.0 = Debug|Any CPU
		{14C14532-5467-4A94-B50F-348A04EB79D8}.Release|Any CPU.ActiveCfg = Release|Any CPU
		{14C14532-5467-4A94-B50F-348A04EB79D8}.Release|Any CPU.Build.0 = Release|Any CPU
		{14C14532-5467-4A94-B50F-348A04EB79D8}.Release|x64.ActiveCfg = Release|Any CPU
		{14C14532-5467-4A94-B50F-348A04EB79D8}.Release|x64.Build.0 = Release|Any CPU
		{14C14532-5467-4A94-B50F-348A04EB79D8}.Release|x86.ActiveCfg = Release|Any CPU
		{14C14532-5467-4A94-B50F-348A04EB79D8}.Release|x86.Build.0 = Release|Any CPU
		{1905F93B-73CB-4041-A027-FB69B0E919FC}.Debug|Any CPU.ActiveCfg = Debug|Any CPU
		{1905F93B-73CB-4041-A027-FB69B0E919FC}.Debug|Any CPU.Build.0 = Debug|Any CPU
		{1905F93B-73CB-4041-A027-FB69B0E919FC}.Debug|x64.ActiveCfg = Debug|Any CPU
		{1905F93B-73CB-4041-A027-FB69B0E919FC}.Debug|x64.Build.0 = Debug|Any CPU
		{1905F93B-73CB-4041-A027-FB69B0E919FC}.Debug|x86.ActiveCfg = Debug|Any CPU
		{1905F93B-73CB-4041-A027-FB69B0E919FC}.Debug|x86.Build.0 = Debug|Any CPU
		{1905F93B-73CB-4041-A027-FB69B0E919FC}.Release|Any CPU.ActiveCfg = Release|Any CPU
		{1905F93B-73CB-4041-A027-FB69B0E919FC}.Release|Any CPU.Build.0 = Release|Any CPU
		{1905F93B-73CB-4041-A027-FB69B0E919FC}.Release|x64.ActiveCfg = Release|Any CPU
		{1905F93B-73CB-4041-A027-FB69B0E919FC}.Release|x64.Build.0 = Release|Any CPU
		{1905F93B-73CB-4041-A027-FB69B0E919FC}.Release|x86.ActiveCfg = Release|Any CPU
		{1905F93B-73CB-4041-A027-FB69B0E919FC}.Release|x86.Build.0 = Release|Any CPU
	EndGlobalSection
	GlobalSection(SolutionProperties) = preSolution
		HideSolutionNode = FALSE
	EndGlobalSection
	GlobalSection(NestedProjects) = preSolution
		{1C44892E-21F8-4E5B-B784-06103F711121} = {02EA681E-C7D8-13C7-8484-4AC65E1B71E8}
		{D126D45B-40BB-4A43-A0F6-7A1BC07374B2} = {02EA681E-C7D8-13C7-8484-4AC65E1B71E8}
		{F397F429-053A-455F-BCFC-0E75C855FB31} = {02EA681E-C7D8-13C7-8484-4AC65E1B71E8}
		{2E19F7A0-8D3E-4874-AC3B-CA270EF62E11} = {02EA681E-C7D8-13C7-8484-4AC65E1B71E8}
		{B04B4CB3-84FA-4273-B805-63B7BF477F1B} = {0AB3BF05-4346-4AA6-1389-037BE0695223}
		{1BB0B9FC-9FEF-4003-A526-0F65313B1462} = {0AB3BF05-4346-4AA6-1389-037BE0695223}
		{14C14532-5467-4A94-B50F-348A04EB79D8} = {0AB3BF05-4346-4AA6-1389-037BE0695223}
		{1905F93B-73CB-4041-A027-FB69B0E919FC} = {02EA681E-C7D8-13C7-8484-4AC65E1B71E8}
	EndGlobalSection
	GlobalSection(ExtensibilityGlobals) = postSolution
		SolutionGuid = {A923B011-10F0-4956-BAF0-F9F38B9D3A22}
	EndGlobalSection
EndGlobal
